
Microsoft Visual Studio Solution File, Format Version 12.00
# Visual Studio 2012
Project("{FAE04EC0-301F-11D3-BF4B-00C04F79EFBC}") = "csnltk", "csnltk\csnltk.csproj", "{23C6CBCE-87E3-4C9B-885F-615C21D66313}"
EndProject
Project("{FAE04EC0-301F-11D3-BF4B-00C04F79EFBC}") = "csnltktest", "csnltktest\csnltktest.csproj", "{A70EFB8A-30EC-4C93-BBB6-DDF9FA0E099B}"
EndProject
Global
	GlobalSection(SolutionConfigurationPlatforms) = preSolution
		Debug|Any CPU = Debug|Any CPU
		Release|Any CPU = Release|Any CPU
	EndGlobalSection
	GlobalSection(ProjectConfigurationPlatforms) = postSolution
		{23C6CBCE-87E3-4C9B-885F-615C21D66313}.Debug|Any CPU.ActiveCfg = Debug|Any CPU
		{23C6CBCE-87E3-4C9B-885F-615C21D66313}.Debug|Any CPU.Build.0 = Debug|Any CPU
		{23C6CBCE-87E3-4C9B-885F-615C21D66313}.Release|Any CPU.ActiveCfg = Release|Any CPU
		{23C6CBCE-87E3-4C9B-885F-615C21D66313}.Release|Any CPU.Build.0 = Release|Any CPU
		{A70EFB8A-30EC-4C93-BBB6-DDF9FA0E099B}.Debug|Any CPU.ActiveCfg = Debug|Any CPU
		{A70EFB8A-30EC-4C93-BBB6-DDF9FA0E099B}.Debug|Any CPU.Build.0 = Debug|Any CPU
		{A70EFB8A-30EC-4C93-BBB6-DDF9FA0E099B}.Release|Any CPU.ActiveCfg = Release|Any CPU
		{A70EFB8A-30EC-4C93-BBB6-DDF9FA0E099B}.Release|Any CPU.Build.0 = Release|Any CPU
	EndGlobalSection
	GlobalSection(SolutionProperties) = preSolution
		HideSolutionNode = FALSE
	EndGlobalSection
EndGlobal
